{

  "name": "fp-ts-examples",

  "lockfileVersion": 2,

  "requires": true,

  "packages": {

    "": {

      "dependencies": {

        "fp-ts": "^2.12.2"

      }

    },

    "node_modules/fp-ts": {

      "version": "2.12.2",

      "resolved": "https://registry.npmjs.org/fp-ts/-/fp-ts-2.12.2.tgz",

      "integrity": "sha512-v8J7ud+nTkP5Zz17GhpCsY19wiRbB9miuj61nBcCJyDpu52zs9Z4O7OLDfYoKFQMJ9EsSZA7W1vRgC1d3jy5qw=="

    }

  },

  "dependencies": {

    "fp-ts": {

      "version": "2.12.2",

      "resolved": "https://registry.npmjs.org/fp-ts/-/fp-ts-2.12.2.tgz",

      "integrity": "sha512-v8J7ud+nTkP5Zz17GhpCsY19wiRbB9miuj61nBcCJyDpu52zs9Z4O7OLDfYoKFQMJ9EsSZA7W1vRgC1d3jy5qw=="

    }

  }

}

